<?xml version="1.0" encoding="utf-8"?>
<Project ToolsVersion="4.0" xmlns="http://schemas.microsoft.com/developer/msbuild/2003">
  <ItemGroup>
    <Filter Include="Arquivos de Origem">
      <UniqueIdentifier>{4FC737F1-C7A5-4376-A066-2A32D752A2FF}</UniqueIdentifier>
      <Extensions>cpp;c;cc;cxx;def;odl;idl;hpj;bat;asm;asmx</Extensions>
    </Filter>
    <Filter Include="Arquivos de Cabeçalho">
      <UniqueIdentifier>{93995380-89BD-4b04-88EB-625FBE52EBFB}</UniqueIdentifier>
      <Extensions>h;hh;hpp;hxx;hm;inl;inc;xsd</Extensions>
    </Filter>
    <Filter Include="Arquivos de Recurso">
      <UniqueIdentifier>{67DA6AB6-F800-4c08-8B7A-83BB121AAD01}</UniqueIdentifier>
      <Extensions>rc;ico;cur;bmp;dlg;rc2;rct;bin;rgs;gif;jpg;jpeg;jpe;resx;tiff;tif;png;wav;mfcribbon-ms</Extensions>
    </Filter>
  </ItemGroup>
  <ItemGroup>
    <Text Include="ReadMe.txt" />
    <Text Include="..\..\arquivos\notas.txt" />
  </ItemGroup>
  <ItemGroup>
    <ClInclude Include="stdafx.h">
      <Filter>Arquivos de Cabeçalho</Filter>
    </ClInclude>
    <ClInclude Include="targetver.h">
      <Filter>Arquivos de Cabeçalho</Filter>
    </ClInclude>
    <ClInclude Include="..\..\analisadorlexico.h">
      <Filter>Arquivos de Cabeçalho</Filter>
    </ClInclude>
    <ClInclude Include="..\..\AnalisadorSintatico.h">
      <Filter>Arquivos de Cabeçalho</Filter>
    </ClInclude>
    <ClInclude Include="..\..\metodo.h">
      <Filter>Arquivos de Cabeçalho</Filter>
    </ClInclude>
    <ClInclude Include="..\..\simbolo.h">
      <Filter>Arquivos de Cabeçalho</Filter>
    </ClInclude>
    <ClInclude Include="..\..\stdafx.h">
      <Filter>Arquivos de Cabeçalho</Filter>
    </ClInclude>
    <ClInclude Include="..\..\TabelaDeSimbolos.h">
      <Filter>Arquivos de Cabeçalho</Filter>
    </ClInclude>
    <ClInclude Include="..\..\tipopedaco.h">
      <Filter>Arquivos de Cabeçalho</Filter>
    </ClInclude>
    <ClInclude Include="..\..\Variavel.h">
      <Filter>Arquivos de Cabeçalho</Filter>
    </ClInclude>
  </ItemGroup>
  <ItemGroup>
    <ClCompile Include="stdafx.cpp">
      <Filter>Arquivos de Origem</Filter>
    </ClCompile>
    <ClCompile Include="..\..\analisadorlexico.cpp">
      <Filter>Arquivos de Origem</Filter>
    </ClCompile>
    <ClCompile Include="..\..\AnalisadorSintatico.cpp">
      <Filter>Arquivos de Origem</Filter>
    </ClCompile>
    <ClCompile Include="..\..\main.cpp">
      <Filter>Arquivos de Origem</Filter>
    </ClCompile>
    <ClCompile Include="..\..\metodo.cpp">
      <Filter>Arquivos de Origem</Filter>
    </ClCompile>
    <ClCompile Include="..\..\simbolo.cpp">
      <Filter>Arquivos de Origem</Filter>
    </ClCompile>
    <ClCompile Include="..\..\TabelaDeSimbolos.cpp">
      <Filter>Arquivos de Origem</Filter>
    </ClCompile>
    <ClCompile Include="..\..\Variavel.cpp">
      <Filter>Arquivos de Origem</Filter>
    </ClCompile>
  </ItemGroup>
  <ItemGroup>
    <None Include="..\..\arquivos\Certo.pas" />
    <None Include="..\..\arquivos\CertoSemWrite.pas" />
    <None Include="..\..\arquivos\ConflitoDeTipo1.pas" />
    <None Include="..\..\arquivos\ConflitoDeTipo2.pas" />
    <None Include="..\..\arquivos\ConflitoDeTipo3.pas" />
    <None Include="..\..\arquivos\FaltaDeDo.pas" />
    <None Include="..\..\arquivos\FaltaDePontoFinal.pas" />
    <None Include="..\..\arquivos\FaltaDeThen.pas" />
    <None Include="..\..\arquivos\FaltaPontoEVirgula1.pas" />
    <None Include="..\..\arquivos\FaltaPontoEVirgula2.pas" />
    <None Include="..\..\arquivos\FaltaPontoEVirgula3.pas" />
    <None Include="..\..\arquivos\IdentificadorComecandoComDigito.pas" />
    <None Include="..\..\arquivos\IdentificadorNaoDeclarado.pas" />
    <None Include="..\..\arquivos\ParentesesDesbalanceados.pas" />
    <None Include="..\..\arquivos\PontoEVirgulaAntesDeElse.pas" />
  </ItemGroup>
</Project>